
Microsoft Visual Studio Solution File, Format Version 12.00
# Visual Studio Version 17
VisualStudioVersion = 17.11.35312.102
MinimumVisualStudioVersion = 10.0.40219.1
Project("{FAE04EC0-301F-11D3-BF4B-00C04F79EFBC}") = "FindNumber", "FindNumber.csproj", "{572C4C9F-352A-4D8D-A0D8-821F46CE4513}"
EndProject
Global
	GlobalSection(SolutionConfigurationPlatforms) = preSolution
		Debug|Any CPU = Debug|Any CPU
		Release|Any CPU = Release|Any CPU
	EndGlobalSection
	GlobalSection(ProjectConfigurationPlatforms) = postSolution
		{572C4C9F-352A-4D8D-A0D8-821F46CE4513}.Debug|Any CPU.ActiveCfg = Debug|Any CPU
		{572C4C9F-352A-4D8D-A0D8-821F46CE4513}.Debug|Any CPU.Build.0 = Debug|Any CPU
		{572C4C9F-352A-4D8D-A0D8-821F46CE4513}.Release|Any CPU.ActiveCfg = Release|Any CPU
		{572C4C9F-352A-4D8D-A0D8-821F46CE4513}.Release|Any CPU.Build.0 = Release|Any CPU
	EndGlobalSection
	GlobalSection(SolutionProperties) = preSolution
		HideSolutionNode = FALSE
	EndGlobalSection
	GlobalSection(ExtensibilityGlobals) = postSolution
		SolutionGuid = {1B6FD5FB-80F7-4EDA-8393-EDB553D93B10}
	EndGlobalSection
EndGlobal
